
Microsoft Visual Studio Solution File, Format Version 11.00
# Visual Studio 2010
Project("{FAE04EC0-301F-11D3-BF4B-00C04F79EFBC}") = "closuresnippets", "closuresnippets.csproj", "{6270F6C6-36F2-4DF6-881C-9D9464E14AB7}"
EndProject
Global
	GlobalSection(SolutionConfigurationPlatforms) = preSolution
		Debug|Any CPU = Debug|Any CPU
		Release|Any CPU = Release|Any CPU
	EndGlobalSection
	GlobalSection(ProjectConfigurationPlatforms) = postSolution
		{6270F6C6-36F2-4DF6-881C-9D9464E14AB7}.Debug|Any CPU.ActiveCfg = Debug|x86
		{6270F6C6-36F2-4DF6-881C-9D9464E14AB7}.Debug|Any CPU.Build.0 = Debug|x86
		{6270F6C6-36F2-4DF6-881C-9D9464E14AB7}.Release|Any CPU.ActiveCfg = Release|x86
	EndGlobalSection
	GlobalSection(SolutionProperties) = preSolution
		HideSolutionNode = FALSE
	EndGlobalSection
EndGlobal
